github.com/gorilla/mux v1.8.1 h1:TuBL49tXwgrFYWhqrNgrUNEY92u81SPhu7sTdzQEiWY=
github.com/gorilla/mux v1.8.1/go.mod h1:AKf9I4AEqPTmMytcMc0KkNouC66V3BtZ4qD5fmWSiMQ=
github.com/reloadly/reloadly-sdk-golang v1.0.1 h1:S50OyTA2rniR6/oJ9Y3KASpuaPmN2THWZeoGN99mQE8=
github.com/reloadly/reloadly-sdk-golang v1.0.1/go.mod h1:ZXtibgTlnVGwuWB+lxszBfd1r22tzddokd6YbBP5g60=
